
Microsoft Visual Studio Solution File, Format Version 12.00
# Visual Studio Version 17
VisualStudioVersion = 17.9.34728.123
MinimumVisualStudioVersion = 10.0.40219.1
Project("{FAE04EC0-301F-11D3-BF4B-00C04F79EFBC}") = "Scheduler", "Scheduler\Scheduler.csproj", "{66C101ED-AF9F-4AC2-B257-2545880C50A3}"
EndProject
Global
	GlobalSection(SolutionConfigurationPlatforms) = preSolution
		Debug|Any CPU = Debug|Any CPU
		Release|Any CPU = Release|Any CPU
	EndGlobalSection
	GlobalSection(ProjectConfigurationPlatforms) = postSolution
		{66C101ED-AF9F-4AC2-B257-2545880C50A3}.Debug|Any CPU.ActiveCfg = Debug|Any CPU
		{66C101ED-AF9F-4AC2-B257-2545880C50A3}.Debug|Any CPU.Build.0 = Debug|Any CPU
		{66C101ED-AF9F-4AC2-B257-2545880C50A3}.Release|Any CPU.ActiveCfg = Release|Any CPU
		{66C101ED-AF9F-4AC2-B257-2545880C50A3}.Release|Any CPU.Build.0 = Release|Any CPU
	EndGlobalSection
	GlobalSection(SolutionProperties) = preSolution
		HideSolutionNode = FALSE
	EndGlobalSection
	GlobalSection(ExtensibilityGlobals) = postSolution
		SolutionGuid = {5DD56ED4-3861-4B4C-A995-97083D2895FB}
	EndGlobalSection
EndGlobal
